
Microsoft Visual Studio Solution File, Format Version 12.00
# Visual Studio Version 17
VisualStudioVersion = 17.8.34525.116
MinimumVisualStudioVersion = 10.0.40219.1
Project("{FAE04EC0-301F-11D3-BF4B-00C04F79EFBC}") = "Ejercicio6", "Actividad3\Ejercicio6.csproj", "{F84B67EA-F168-491A-95A4-1E66773DA22E}"
EndProject
Global
	GlobalSection(SolutionConfigurationPlatforms) = preSolution
		Debug|Any CPU = Debug|Any CPU
		Release|Any CPU = Release|Any CPU
	EndGlobalSection
	GlobalSection(ProjectConfigurationPlatforms) = postSolution
		{F84B67EA-F168-491A-95A4-1E66773DA22E}.Debug|Any CPU.ActiveCfg = Debug|Any CPU
		{F84B67EA-F168-491A-95A4-1E66773DA22E}.Debug|Any CPU.Build.0 = Debug|Any CPU
		{F84B67EA-F168-491A-95A4-1E66773DA22E}.Release|Any CPU.ActiveCfg = Release|Any CPU
		{F84B67EA-F168-491A-95A4-1E66773DA22E}.Release|Any CPU.Build.0 = Release|Any CPU
	EndGlobalSection
	GlobalSection(SolutionProperties) = preSolution
		HideSolutionNode = FALSE
	EndGlobalSection
	GlobalSection(ExtensibilityGlobals) = postSolution
		SolutionGuid = {5C64FEB0-66FE-4BC0-B40E-AA7846DE5CED}
	EndGlobalSection
EndGlobal
